// !$*UTF8*$!
{
	archiveVersion = 1;
	classes = {
	};
	objectVersion = 46;
	objects = {

/* Begin PBXBuildFile section */
		AC3D2EB21AEE918000789420 /* AppDelegate.swift in Sources */ = {isa = PBXBuildFile; fileRef = AC3D2EB11AEE918000789420 /* AppDelegate.swift */; };
		AC3D2EB41AEE918000789420 /* HorizontalTimelineController.swift in Sources */ = {isa = PBXBuildFile; fileRef = AC3D2EB31AEE918000789420 /* HorizontalTimelineController.swift */; };
		AC3D2EB71AEE918000789420 /* Main.storyboard in Resources */ = {isa = PBXBuildFile; fileRef = AC3D2EB51AEE918000789420 /* Main.storyboard */; };
		AC3D2EB91AEE918000789420 /* Images.xcassets in Resources */ = {isa = PBXBuildFile; fileRef = AC3D2EB81AEE918000789420 /* Images.xcassets */; };
		AC3D2EBC1AEE918000789420 /* LaunchScreen.xib in Resources */ = {isa = PBXBuildFile; fileRef = AC3D2EBA1AEE918000789420 /* LaunchScreen.xib */; };
		AC3D2EC81AEE918000789420 /* BRDailyActivityScrollviewTests.swift in Sources */ = {isa = PBXBuildFile; fileRef = AC3D2EC71AEE918000789420 /* BRDailyActivityScrollviewTests.swift */; };
		AC3D2ED21AEE94BB00789420 /* DayViewController.swift in Sources */ = {isa = PBXBuildFile; fileRef = AC3D2ED11AEE94BB00789420 /* DayViewController.swift */; };
		ACA553271AF3D59D00C97734 /* ActivityCell.swift in Sources */ = {isa = PBXBuildFile; fileRef = ACA553261AF3D59D00C97734 /* ActivityCell.swift */; };
		ACEF59F51AF25F9C00EB19BC /* Activity.swift in Sources */ = {isa = PBXBuildFile; fileRef = ACEF59F41AF25F9C00EB19BC /* Activity.swift */; };
		BF03774D2436EF9A0F6BE9AA /* libPods.a in Frameworks */ = {isa = PBXBuildFile; fileRef = 48043A0E8E25D6C77DAA715D /* libPods.a */; };
/* End PBXBuildFile section */

/* Begin PBXContainerItemProxy section */
		AC3D2EC21AEE918000789420 /* PBXContainerItemProxy */ = {
			isa = PBXContainerItemProxy;
			containerPortal = AC3D2EA41AEE918000789420 /* Project object */;
			proxyType = 1;
			remoteGlobalIDString = AC3D2EAB1AEE918000789420;
			remoteInfo = BRDailyActivityScrollview;
		};
/* End PBXContainerItemProxy section */

/* Begin PBXFileReference section */
		206740DEB198BF020EF35B5E /* Pods.debug.xcconfig */ = {isa = PBXFileReference; includeInIndex = 1; lastKnownFileType = text.xcconfig; name = Pods.debug.xcconfig; path = "Pods/Target Support Files/Pods/Pods.debug.xcconfig"; sourceTree = "<group>"; };
		48043A0E8E25D6C77DAA715D /* libPods.a */ = {isa = PBXFileReference; explicitFileType = archive.ar; includeInIndex = 0; path = libPods.a; sourceTree = BUILT_PRODUCTS_DIR; };
		AC3D2EAC1AEE918000789420 /* BRDailyActivityScrollview.app */ = {isa = PBXFileReference; explicitFileType = wrapper.application; includeInIndex = 0; path = BRDailyActivityScrollview.app; sourceTree = BUILT_PRODUCTS_DIR; };
		AC3D2EB01AEE918000789420 /* Info.plist */ = {isa = PBXFileReference; lastKnownFileType = text.plist.xml; path = Info.plist; sourceTree = "<group>"; };
		AC3D2EB11AEE918000789420 /* AppDelegate.swift */ = {isa = PBXFileReference; lastKnownFileType = sourcecode.swift; path = AppDelegate.swift; sourceTree = "<group>"; };
		AC3D2EB31AEE918000789420 /* HorizontalTimelineController.swift */ = {isa = PBXFileReference; lastKnownFileType = sourcecode.swift; path = HorizontalTimelineController.swift; sourceTree = "<group>"; };
		AC3D2EB61AEE918000789420 /* Base */ = {isa = PBXFileReference; lastKnownFileType = file.storyboard; name = Base; path = Base.lproj/Main.storyboard; sourceTree = "<group>"; };
		AC3D2EB81AEE918000789420 /* Images.xcassets */ = {isa = PBXFileReference; lastKnownFileType = folder.assetcatalog; path = Images.xcassets; sourceTree = "<group>"; };
		AC3D2EBB1AEE918000789420 /* Base */ = {isa = PBXFileReference; lastKnownFileType = file.xib; name = Base; path = Base.lproj/LaunchScreen.xib; sourceTree = "<group>"; };
		AC3D2EC11AEE918000789420 /* BRDailyActivityScrollviewTests.xctest */ = {isa = PBXFileReference; explicitFileType = wrapper.cfbundle; includeInIndex = 0; path = BRDailyActivityScrollviewTests.xctest; sourceTree = BUILT_PRODUCTS_DIR; };
		AC3D2EC61AEE918000789420 /* Info.plist */ = {isa = PBXFileReference; lastKnownFileType = text.plist.xml; path = Info.plist; sourceTree = "<group>"; };
		AC3D2EC71AEE918000789420 /* BRDailyActivityScrollviewTests.swift */ = {isa = PBXFileReference; lastKnownFileType = sourcecode.swift; path = BRDailyActivityScrollviewTests.swift; sourceTree = "<group>"; };
		AC3D2ED11AEE94BB00789420 /* DayViewController.swift */ = {isa = PBXFileReference; fileEncoding = 4; lastKnownFileType = sourcecode.swift; path = DayViewController.swift; sourceTree = "<group>"; };
		ACA553261AF3D59D00C97734 /* ActivityCell.swift */ = {isa = PBXFileReference; fileEncoding = 4; lastKnownFileType = sourcecode.swift; path = ActivityCell.swift; sourceTree = "<group>"; };
		ACEF59F01AF1804600EB19BC /* BRDailyActivityScrollview-Bridging-Header.h */ = {isa = PBXFileReference; lastKnownFileType = sourcecode.c.h; path = "BRDailyActivityScrollview-Bridging-Header.h"; sourceTree = "<group>"; };
		ACEF59F41AF25F9C00EB19BC /* Activity.swift */ = {isa = PBXFileReference; fileEncoding = 4; lastKnownFileType = sourcecode.swift; path = Activity.swift; sourceTree = "<group>"; };
		B2B4729C0FE9B3780C79538D /* Pods.release.xcconfig */ = {isa = PBXFileReference; includeInIndex = 1; lastKnownFileType = text.xcconfig; name = Pods.release.xcconfig; path = "Pods/Target Support Files/Pods/Pods.release.xcconfig"; sourceTree = "<group>"; };
/* End PBXFileReference section */

/* Begin PBXFrameworksBuildPhase section */
		AC3D2EA91AEE918000789420 /* Frameworks */ = {
			isa = PBXFrameworksBuildPhase;
			buildActionMask = 2147483647;
			files = (
				BF03774D2436EF9A0F6BE9AA /* libPods.a in Frameworks */,
			);
			runOnlyForDeploymentPostprocessing = 0;
		};
		AC3D2EBE1AEE918000789420 /* Frameworks */ = {
			isa = PBXFrameworksBuildPhase;
			buildActionMask = 2147483647;
			files = (
			);
			runOnlyForDeploymentPostprocessing = 0;
		};
/* End PBXFrameworksBuildPhase section */

/* Begin PBXGroup section */
		6B941E21DABF600AFB889FF2 /* Pods */ = {
			isa = PBXGroup;
			children = (
				206740DEB198BF020EF35B5E /* Pods.debug.xcconfig */,
				B2B4729C0FE9B3780C79538D /* Pods.release.xcconfig */,
			);
			name = Pods;
			sourceTree = "<group>";
		};
		AC3D2EA31AEE918000789420 = {
			isa = PBXGroup;
			children = (
				AC3D2EAE1AEE918000789420 /* BRDailyActivityScrollview */,
				AC3D2EC41AEE918000789420 /* BRDailyActivityScrollviewTests */,
				AC3D2EAD1AEE918000789420 /* Products */,
				6B941E21DABF600AFB889FF2 /* Pods */,
				D5C8741B22B9CF953910C5A2 /* Frameworks */,
			);
			sourceTree = "<group>";
		};
		AC3D2EAD1AEE918000789420 /* Products */ = {
			isa = PBXGroup;
			children = (
				AC3D2EAC1AEE918000789420 /* BRDailyActivityScrollview.app */,
				AC3D2EC11AEE918000789420 /* BRDailyActivityScrollviewTests.xctest */,
			);
			name = Products;
			sourceTree = "<group>";
		};
		AC3D2EAE1AEE918000789420 /* BRDailyActivityScrollview */ = {
			isa = PBXGroup;
			children = (
				ACEF59F01AF1804600EB19BC /* BRDailyActivityScrollview-Bridging-Header.h */,
				AC3D2EB11AEE918000789420 /* AppDelegate.swift */,
				AC3D2EB51AEE918000789420 /* Main.storyboard */,
				AC3D2EB31AEE918000789420 /* HorizontalTimelineController.swift */,
				AC3D2ED11AEE94BB00789420 /* DayViewController.swift */,
				ACA553261AF3D59D00C97734 /* ActivityCell.swift */,
				ACEF59F31AF25F7200EB19BC /* Models */,
				AC3D2EB81AEE918000789420 /* Images.xcassets */,
				AC3D2EBA1AEE918000789420 /* LaunchScreen.xib */,
				AC3D2EAF1AEE918000789420 /* Supporting Files */,
			);
			path = BRDailyActivityScrollview;
			sourceTree = "<group>";
		};
		AC3D2EAF1AEE918000789420 /* Supporting Files */ = {
			isa = PBXGroup;
			children = (
				AC3D2EB01AEE918000789420 /* Info.plist */,
			);
			name = "Supporting Files";
			sourceTree = "<group>";
		};
		AC3D2EC41AEE918000789420 /* BRDailyActivityScrollviewTests */ = {
			isa = PBXGroup;
			children = (
				AC3D2EC71AEE918000789420 /* BRDailyActivityScrollviewTests.swift */,
				AC3D2EC51AEE918000789420 /* Supporting Files */,
			);
			path = BRDailyActivityScrollviewTests;
			sourceTree = "<group>";
		};
		AC3D2EC51AEE918000789420 /* Supporting Files */ = {
			isa = PBXGroup;
			children = (
				AC3D2EC61AEE918000789420 /* Info.plist */,
			);
			name = "Supporting Files";
			sourceTree = "<group>";
		};
		ACEF59F31AF25F7200EB19BC /* Models */ = {
			isa = PBXGroup;
			children = (
				ACEF59F41AF25F9C00EB19BC /* Activity.swift */,
			);
			name = Models;
			sourceTree = "<group>";
		};
		D5C8741B22B9CF953910C5A2 /* Frameworks */ = {
			isa = PBXGroup;
			children = (
				48043A0E8E25D6C77DAA715D /* libPods.a */,
			);
			name = Frameworks;
			sourceTree = "<group>";
		};
/* End PBXGroup section */

/* Begin PBXNativeTarget section */
		AC3D2EAB1AEE918000789420 /* BRDailyActivityScrollview */ = {
			isa = PBXNativeTarget;
			buildConfigurationList = AC3D2ECB1AEE918000789420 /* Build configuration list for PBXNativeTarget "BRDailyActivityScrollview" */;
			buildPhases = (
				05DFB0057E813B6294B0D81F /* Check Pods Manifest.lock */,
				AC3D2EA81AEE918000789420 /* Sources */,
				AC3D2EA91AEE918000789420 /* Frameworks */,
				AC3D2EAA1AEE918000789420 /* Resources */,
				290B9FFAAFFD1C2FD48B6360 /* Copy Pods Resources */,
			);
			buildRules = (
			);
			dependencies = (
			);
			name = BRDailyActivityScrollview;
			productName = BRDailyActivityScrollview;
			productReference = AC3D2EAC1AEE918000789420 /* BRDailyActivityScrollview.app */;
			productType = "com.apple.product-type.application";
		};
		AC3D2EC01AEE918000789420 /* BRDailyActivityScrollviewTests */ = {
			isa = PBXNativeTarget;
			buildConfigurationList = AC3D2ECE1AEE918000789420 /* Build configuration list for PBXNativeTarget "BRDailyActivityScrollviewTests" */;
			buildPhases = (
				AC3D2EBD1AEE918000789420 /* Sources */,
				AC3D2EBE1AEE918000789420 /* Frameworks */,
				AC3D2EBF1AEE918000789420 /* Resources */,
			);
			buildRules = (
			);
			dependencies = (
				AC3D2EC31AEE918000789420 /* PBXTargetDependency */,
			);
			name = BRDailyActivityScrollviewTests;
			productName = BRDailyActivityScrollviewTests;
			productReference = AC3D2EC11AEE918000789420 /* BRDailyActivityScrollviewTests.xctest */;
			productType = "com.apple.product-type.bundle.unit-test";
		};
/* End PBXNativeTarget section */

/* Begin PBXProject section */
		AC3D2EA41AEE918000789420 /* Project object */ = {
			isa = PBXProject;
			attributes = {
				LastUpgradeCheck = 0630;
				ORGANIZATIONNAME = "Bobby Ren";
				TargetAttributes = {
					AC3D2EAB1AEE918000789420 = {
						CreatedOnToolsVersion = 6.3;
					};
					AC3D2EC01AEE918000789420 = {
						CreatedOnToolsVersion = 6.3;
						TestTargetID = AC3D2EAB1AEE918000789420;
					};
				};
			};
			buildConfigurationList = AC3D2EA71AEE918000789420 /* Build configuration list for PBXProject "BRDailyActivityScrollview" */;
			compatibilityVersion = "Xcode 3.2";
			developmentRegion = English;
			hasScannedForEncodings = 0;
			knownRegions = (
				en,
				Base,
			);
			mainGroup = AC3D2EA31AEE918000789420;
			productRefGroup = AC3D2EAD1AEE918000789420 /* Products */;
			projectDirPath = "";
			projectRoot = "";
			targets = (
				AC3D2EAB1AEE918000789420 /* BRDailyActivityScrollview */,
				AC3D2EC01AEE918000789420 /* BRDailyActivityScrollviewTests */,
			);
		};
/* End PBXProject section */

/* Begin PBXResourcesBuildPhase section */
		AC3D2EAA1AEE918000789420 /* Resources */ = {
			isa = PBXResourcesBuildPhase;
			buildActionMask = 2147483647;
			files = (
				AC3D2EB71AEE918000789420 /* Main.storyboard in Resources */,
				AC3D2EBC1AEE918000789420 /* LaunchScreen.xib in Resources */,
				AC3D2EB91AEE918000789420 /* Images.xcassets in Resources */,
			);
			runOnlyForDeploymentPostprocessing = 0;
		};
		AC3D2EBF1AEE918000789420 /* Resources */ = {
			isa = PBXResourcesBuildPhase;
			buildActionMask = 2147483647;
			files = (
			);
			runOnlyForDeploymentPostprocessing = 0;
		};
/* End PBXResourcesBuildPhase section */

/* Begin PBXShellScriptBuildPhase section */
		05DFB0057E813B6294B0D81F /* Check Pods Manifest.lock */ = {
			isa = PBXShellScriptBuildPhase;
			buildActionMask = 2147483647;
			files = (
			);
			inputPaths = (
			);
			name = "Check Pods Manifest.lock";
			outputPaths = (
			);
			runOnlyForDeploymentPostprocessing = 0;
			shellPath = /bin/sh;
			shellScript = "diff \"${PODS_ROOT}/../Podfile.lock\" \"${PODS_ROOT}/Manifest.lock\" > /dev/null\nif [[ $? != 0 ]] ; then\n    cat << EOM\nerror: The sandbox is not in sync with the Podfile.lock. Run 'pod install' or update your CocoaPods installation.\nEOM\n    exit 1\nfi\n";
			showEnvVarsInLog = 0;
		};
		290B9FFAAFFD1C2FD48B6360 /* Copy Pods Resources */ = {
			isa = PBXShellScriptBuildPhase;
			buildActionMask = 2147483647;
			files = (
			);
			inputPaths = (
			);
			name = "Copy Pods Resources";
			outputPaths = (
			);
			runOnlyForDeploymentPostprocessing = 0;
			shellPath = /bin/sh;
			shellScript = "\"${SRCROOT}/Pods/Target Support Files/Pods/Pods-resources.sh\"\n";
			showEnvVarsInLog = 0;
		};
/* End PBXShellScriptBuildPhase section */

/* Begin PBXSourcesBuildPhase section */
		AC3D2EA81AEE918000789420 /* Sources */ = {
			isa = PBXSourcesBuildPhase;
			buildActionMask = 2147483647;
			files = (
				AC3D2EB41AEE918000789420 /* HorizontalTimelineController.swift in Sources */,
				AC3D2EB21AEE918000789420 /* AppDelegate.swift in Sources */,
				ACEF59F51AF25F9C00EB19BC /* Activity.swift in Sources */,
				AC3D2ED21AEE94BB00789420 /* DayViewController.swift in Sources */,
				ACA553271AF3D59D00C97734 /* ActivityCell.swift in Sources */,
			);
			runOnlyForDeploymentPostprocessing = 0;
		};
		AC3D2EBD1AEE918000789420 /* Sources */ = {
			isa = PBXSourcesBuildPhase;
			buildActionMask = 2147483647;
			files = (
				AC3D2EC81AEE918000789420 /* BRDailyActivityScrollviewTests.swift in Sources */,
			);
			runOnlyForDeploymentPostprocessing = 0;
		};
/* End PBXSourcesBuildPhase section */

/* Begin PBXTargetDependency section */
		AC3D2EC31AEE918000789420 /* PBXTargetDependency */ = {
			isa = PBXTargetDependency;
			target = AC3D2EAB1AEE918000789420 /* BRDailyActivityScrollview */;
			targetProxy = AC3D2EC21AEE918000789420 /* PBXContainerItemProxy */;
		};
/* End PBXTargetDependency section */

/* Begin PBXVariantGroup section */
		AC3D2EB51AEE918000789420 /* Main.storyboard */ = {
			isa = PBXVariantGroup;
			children = (
				AC3D2EB61AEE918000789420 /* Base */,
			);
			name = Main.storyboard;
			sourceTree = "<group>";
		};
		AC3D2EBA1AEE918000789420 /* LaunchScreen.xib */ = {
			isa = PBXVariantGroup;
			children = (
				AC3D2EBB1AEE918000789420 /* Base */,
			);
			name = LaunchScreen.xib;
			sourceTree = "<group>";
		};
/* End PBXVariantGroup section */

/* Begin XCBuildConfiguration section */
		AC3D2EC91AEE918000789420 /* Debug */ = {
			isa = XCBuildConfiguration;
			buildSettings = {
				ALWAYS_SEARCH_USER_PATHS = NO;
				CLANG_CXX_LANGUAGE_STANDARD = "gnu++0x";
				CLANG_CXX_LIBRARY = "libc++";
				CLANG_ENABLE_MODULES = YES;
				CLANG_ENABLE_OBJC_ARC = YES;
				CLANG_WARN_BOOL_CONVERSION = YES;
				CLANG_WARN_CONSTANT_CONVERSION = YES;
				CLANG_WARN_DIRECT_OBJC_ISA_USAGE = YES_ERROR;
				CLANG_WARN_EMPTY_BODY = YES;
				CLANG_WARN_ENUM_CONVERSION = YES;
				CLANG_WARN_INT_CONVERSION = YES;
				CLANG_WARN_OBJC_ROOT_CLASS = YES_ERROR;
				CLANG_WARN_UNREACHABLE_CODE = YES;
				CLANG_WARN__DUPLICATE_METHOD_MATCH = YES;
				"CODE_SIGN_IDENTITY[sdk=iphoneos*]" = "iPhone Developer";
				COPY_PHASE_STRIP = NO;
				DEBUG_INFORMATION_FORMAT = "dwarf-with-dsym";
				ENABLE_STRICT_OBJC_MSGSEND = YES;
				GCC_C_LANGUAGE_STANDARD = gnu99;
				GCC_DYNAMIC_NO_PIC = NO;
				GCC_NO_COMMON_BLOCKS = YES;
				GCC_OPTIMIZATION_LEVEL = 0;
				GCC_PREPROCESSOR_DEFINITIONS = (
					"DEBUG=1",
					"$(inherited)",
				);
				GCC_SYMBOLS_PRIVATE_EXTERN = NO;
				GCC_WARN_64_TO_32_BIT_CONVERSION = YES;
				GCC_WARN_ABOUT_RETURN_TYPE = YES_ERROR;
				GCC_WARN_UNDECLARED_SELECTOR = YES;
				GCC_WARN_UNINITIALIZED_AUTOS = YES_AGGRESSIVE;
				GCC_WARN_UNUSED_FUNCTION = YES;
				GCC_WARN_UNUSED_VARIABLE = YES;
				IPHONEOS_DEPLOYMENT_TARGET = 8.3;
				MTL_ENABLE_DEBUG_INFO = YES;
				ONLY_ACTIVE_ARCH = YES;
				SDKROOT = iphoneos;
				SWIFT_OPTIMIZATION_LEVEL = "-Onone";
			};
			name = Debug;
		};
		AC3D2ECA1AEE918000789420 /* Release */ = {
			isa = XCBuildConfiguration;
			buildSettings = {
				ALWAYS_SEARCH_USER_PATHS = NO;
				CLANG_CXX_LANGUAGE_STANDARD = "gnu++0x";
				CLANG_CXX_LIBRARY = "libc++";
				CLANG_ENABLE_MODULES = YES;
				CLANG_ENABLE_OBJC_ARC = YES;
				CLANG_WARN_BOOL_CONVERSION = YES;
				CLANG_WARN_CONSTANT_CONVERSION = YES;
				CLANG_WARN_DIRECT_OBJC_ISA_USAGE = YES_ERROR;
				CLANG_WARN_EMPTY_BODY = YES;
				CLANG_WARN_ENUM_CONVERSION = YES;
				CLANG_WARN_INT_CONVERSION = YES;
				CLANG_WARN_OBJC_ROOT_CLASS = YES_ERROR;
				CLANG_WARN_UNREACHABLE_CODE = YES;
				CLANG_WARN__DUPLICATE_METHOD_MATCH = YES;
				"CODE_SIGN_IDENTITY[sdk=iphoneos*]" = "iPhone Developer";
				COPY_PHASE_STRIP = NO;
				DEBUG_INFORMATION_FORMAT = "dwarf-with-dsym";
				ENABLE_NS_ASSERTIONS = NO;
				ENABLE_STRICT_OBJC_MSGSEND = YES;
				GCC_C_LANGUAGE_STANDARD = gnu99;
				GCC_NO_COMMON_BLOCKS = YES;
				GCC_WARN_64_TO_32_BIT_CONVERSION = YES;
				GCC_WARN_ABOUT_RETURN_TYPE = YES_ERROR;
				GCC_WARN_UNDECLARED_SELECTOR = YES;
				GCC_WARN_UNINITIALIZED_AUTOS = YES_AGGRESSIVE;
				GCC_WARN_UNUSED_FUNCTION = YES;
				GCC_WARN_UNUSED_VARIABLE = YES;
				IPHONEOS_DEPLOYMENT_TARGET = 8.3;
				MTL_ENABLE_DEBUG_INFO = NO;
				SDKROOT = iphoneos;
				VALIDATE_PRODUCT = YES;
			};
			name = Release;
		};
		AC3D2ECC1AEE918000789420 /* Debug */ = {
			isa = XCBuildConfiguration;
			baseConfigurationReference = 206740DEB198BF020EF35B5E /* Pods.debug.xcconfig */;
			buildSettings = {
				ASSETCATALOG_COMPILER_APPICON_NAME = AppIcon;
				INFOPLIST_FILE = BRDailyActivityScrollview/Info.plist;
				LD_RUNPATH_SEARCH_PATHS = "$(inherited) @executable_path/Frameworks";
				PRODUCT_NAME = "$(TARGET_NAME)";
				SWIFT_OBJC_BRIDGING_HEADER = "BRDailyActivityScrollview/BRDailyActivityScrollview-Bridging-Header.h";
			};
			name = Debug;
		};
		AC3D2ECD1AEE918000789420 /* Release */ = {
			isa = XCBuildConfiguration;
			baseConfigurationReference = B2B4729C0FE9B3780C79538D /* Pods.release.xcconfig */;
			buildSettings = {
				ASSETCATALOG_COMPILER_APPICON_NAME = AppIcon;
				INFOPLIST_FILE = BRDailyActivityScrollview/Info.plist;
				LD_RUNPATH_SEARCH_PATHS = "$(inherited) @executable_path/Frameworks";
				PRODUCT_NAME = "$(TARGET_NAME)";
				SWIFT_OBJC_BRIDGING_HEADER = "BRDailyActivityScrollview/BRDailyActivityScrollview-Bridging-Header.h";
			};
			name = Release;
		};
		AC3D2ECF1AEE918000789420 /* Debug */ = {
			isa = XCBuildConfiguration;
			buildSettings = {
				BUNDLE_LOADER = "$(TEST_HOST)";
				FRAMEWORK_SEARCH_PATHS = (
					"$(SDKROOT)/Developer/Library/Frameworks",
					"$(inherited)",
				);
				GCC_PREPROCESSOR_DEFINITIONS = (
					"DEBUG=1",
					"$(inherited)",
				);
				INFOPLIST_FILE = BRDailyActivityScrollviewTests/Info.plist;
				LD_RUNPATH_SEARCH_PATHS = "$(inherited) @executable_path/Frameworks @loader_path/Frameworks";
				PRODUCT_NAME = "$(TARGET_NAME)";
				TEST_HOST = "$(BUILT_PRODUCTS_DIR)/BRDailyActivityScrollview.app/BRDailyActivityScrollview";
			};
			name = Debug;
		};
		AC3D2ED01AEE918000789420 /* Release */ = {
			isa = XCBuildConfiguration;
			buildSettings = {
				BUNDLE_LOADER = "$(TEST_HOST)";
				FRAMEWORK_SEARCH_PATHS = (
					"$(SDKROOT)/Developer/Library/Frameworks",
					"$(inherited)",
				);
				INFOPLIST_FILE = BRDailyActivityScrollviewTests/Info.plist;
				LD_RUNPATH_SEARCH_PATHS = "$(inherited) @executable_path/Frameworks @loader_path/Frameworks";
				PRODUCT_NAME = "$(TARGET_NAME)";
				TEST_HOST = "$(BUILT_PRODUCTS_DIR)/BRDailyActivityScrollview.app/BRDailyActivityScrollview";
			};
			name = Release;
		};
/* End XCBuildConfiguration section */

/* Begin XCConfigurationList section */
		AC3D2EA71AEE918000789420 /* Build configuration list for PBXProject "BRDailyActivityScrollview" */ = {
			isa = XCConfigurationList;
			buildConfigurations = (
				AC3D2EC91AEE918000789420 /* Debug */,
				AC3D2ECA1AEE918000789420 /* Release */,
			);
			defaultConfigurationIsVisible = 0;
			defaultConfigurationName = Release;
		};
		AC3D2ECB1AEE918000789420 /* Build configuration list for PBXNativeTarget "BRDailyActivityScrollview" */ = {
			isa = XCConfigurationList;
			buildConfigurations = (
				AC3D2ECC1AEE918000789420 /* Debug */,
				AC3D2ECD1AEE918000789420 /* Release */,
			);
			defaultConfigurationIsVisible = 0;
			defaultConfigurationName = Release;
		};
		AC3D2ECE1AEE918000789420 /* Build configuration list for PBXNativeTarget "BRDailyActivityScrollviewTests" */ = {
			isa = XCConfigurationList;
			buildConfigurations = (
				AC3D2ECF1AEE918000789420 /* Debug */,
				AC3D2ED01AEE918000789420 /* Release */,
			);
			defaultConfigurationIsVisible = 0;
			defaultConfigurationName = Release;
		};
/* End XCConfigurationList section */
	};
	rootObject = AC3D2EA41AEE918000789420 /* Project object */;
}
